dependencies:
- name: loki-stack
  repository: https://grafana.github.io/helm-charts
  version: 2.9.11
- name: victoria-metrics-k8s-stack
  repository: ""
  version: 0.17.8
- name: loki-distributed
  repository: ""
  version: 0.74.1
- name: crd
  repository: ""
  version: 1.0.0
- name: kube-bench-metrics
  repository: ""
  version: 0.1.0
- name: victoria-logs-single
  repository: https://victoriametrics.github.io/helm-charts/
  version: 0.8.14
- name: victoria-metrics-auth
  repository: https://victoriametrics.github.io/helm-charts
  version: 0.8.7
digest: sha256:191ca6f5ec00fd037bae74c22c2df20d119124c2270c85ea1c6c282f0c045f85
generated: "2025-02-19T22:27:14.356199+02:00"
